
Microsoft Visual Studio Solution File, Format Version 12.00
# Visual Studio Version 17
VisualStudioVersion = 17.5.33530.505
MinimumVisualStudioVersion = 10.0.40219.1
Project("{9A19103F-16F7-4668-BE54-9A1E7A4F7556}") = "TestWeb.API", "TestWeb.API.csproj", "{56E87808-20AD-49CD-8E67-9CE017A5745C}"
EndProject
Project("{FAE04EC0-301F-11D3-BF4B-00C04F79EFBC}") = "TestApplication.WEB", "..\TestApplication.WEB\TestApplication.WEB.csproj", "{84C45FC9-FAC8-44F1-B164-19A7B5DE0DB8}"
EndProject
Global
	GlobalSection(SolutionConfigurationPlatforms) = preSolution
		Debug|Any CPU = Debug|Any CPU
		Release|Any CPU = Release|Any CPU
	EndGlobalSection
	GlobalSection(ProjectConfigurationPlatforms) = postSolution
		{56E87808-20AD-49CD-8E67-9CE017A5745C}.Debug|Any CPU.ActiveCfg = Debug|Any CPU
		{56E87808-20AD-49CD-8E67-9CE017A5745C}.Debug|Any CPU.Build.0 = Debug|Any CPU
		{56E87808-20AD-49CD-8E67-9CE017A5745C}.Release|Any CPU.ActiveCfg = Release|Any CPU
		{56E87808-20AD-49CD-8E67-9CE017A5745C}.Release|Any CPU.Build.0 = Release|Any CPU
		{84C45FC9-FAC8-44F1-B164-19A7B5DE0DB8}.Debug|Any CPU.ActiveCfg = Debug|Any CPU
		{84C45FC9-FAC8-44F1-B164-19A7B5DE0DB8}.Debug|Any CPU.Build.0 = Debug|Any CPU
		{84C45FC9-FAC8-44F1-B164-19A7B5DE0DB8}.Release|Any CPU.ActiveCfg = Release|Any CPU
		{84C45FC9-FAC8-44F1-B164-19A7B5DE0DB8}.Release|Any CPU.Build.0 = Release|Any CPU
	EndGlobalSection
	GlobalSection(SolutionProperties) = preSolution
		HideSolutionNode = FALSE
	EndGlobalSection
	GlobalSection(ExtensibilityGlobals) = postSolution
		SolutionGuid = {B578352A-26B5-4E62-8AE5-E2C79695FE36}
	EndGlobalSection
EndGlobal
